
Microsoft Visual Studio Solution File, Format Version 12.00
# Visual Studio Version 17
VisualStudioVersion = 17.14.36203.30
MinimumVisualStudioVersion = 10.0.40219.1
Project("{8BC9CEB8-8B4A-11D0-8D11-00A0C91BC942}") = "Cours01_Introduction", "Cours01_Introduction\Cours01_Introduction.vcxproj", "{F8EBA2FB-A72B-452D-98B8-1014BA97AB98}"
EndProject
Project("{8BC9CEB8-8B4A-11D0-8D11-00A0C91BC942}") = "Cours02_Etudiant", "Cours02_Etudiant\Cours02_Etudiant.vcxproj", "{F060E713-3351-4328-A020-363F61A8A6AF}"
EndProject
Project("{8BC9CEB8-8B4A-11D0-8D11-00A0C91BC942}") = "Cours03-Variables", "Cours03-Variables\Cours03-Variables.vcxproj", "{66C3585F-9BE4-4D07-A7E2-866B08BB6E6C}"
EndProject
Project("{8BC9CEB8-8B4A-11D0-8D11-00A0C91BC942}") = "Cours04-EntreSorties_Etudiant", "COURS_04_EntreSorties_etudiant\COURS_04_EntreSorties_etudiant.vcxproj", "{EBFEA4A7-40A7-4BAB-B2DD-91D16348E7DA}"
EndProject
Project("{8BC9CEB8-8B4A-11D0-8D11-00A0C91BC942}") = "Cours05_IF", "Cours05_IF\Cours05_IF.vcxproj", "{EB9B93F6-3EEC-4145-942D-7CA6CA8AA32F}"
EndProject
Project("{8BC9CEB8-8B4A-11D0-8D11-00A0C91BC942}") = "Cours05_Devoirs", "Devoirs05_Booleens\Devoirs05_Booleens.vcxproj", "{482C94BD-3651-4942-A527-DF6891EFB1E1}"
EndProject
Project("{8BC9CEB8-8B4A-11D0-8D11-00A0C91BC942}") = "COURS06_ConditionsAvancees_Etudiants", "COURS06_ConditionsAvancees_Etudiants\COURS06_ConditionsAvancees_Etudiants.vcxproj", "{CC21209B-5FB2-47A9-BEA2-D4EE2BD66DE2}"
EndProject
Project("{8BC9CEB8-8B4A-11D0-8D11-00A0C91BC942}") = "Cours07_SWITCH", "Cours07_SWITCH\Cours07_SWITCH.vcxproj", "{06CBC869-5F8D-416E-9608-C5AECCCF8F81}"
EndProject
Project("{8BC9CEB8-8B4A-11D0-8D11-00A0C91BC942}") = "Cours06_Devoir", "Cours06_Devoir\Cours06_Devoir.vcxproj", "{A01CB601-F3C6-4AF1-A8DB-A2CE64895602}"
EndProject
Project("{8BC9CEB8-8B4A-11D0-8D11-00A0C91BC942}") = "TP1_IbenueBapidi_6307533", "TP1_IbenueBapidi_6307533\TP1_IbenueBapidi_6307533.vcxproj", "{3D2AC33F-2D19-47D7-9B21-2D517614CDBF}"
EndProject
Project("{8BC9CEB8-8B4A-11D0-8D11-00A0C91BC942}") = "Cours08Enum", "Cours08Enum\Cours08Enum.vcxproj", "{84EAE2C8-ED1C-421A-8D85-942D4C33BD3C}"
EndProject
Project("{8BC9CEB8-8B4A-11D0-8D11-00A0C91BC942}") = "Devoirs07", "Devoirs07\Devoirs07.vcxproj", "{53743CAD-61BC-479C-B9A8-A80847E18A87}"
EndProject
Global
	GlobalSection(SolutionConfigurationPlatforms) = preSolution
		Debug|Any CPU = Debug|Any CPU
		Debug|x64 = Debug|x64
		Debug|x86 = Debug|x86
		Release|Any CPU = Release|Any CPU
		Release|x64 = Release|x64
		Release|x86 = Release|x86
	EndGlobalSection
	GlobalSection(ProjectConfigurationPlatforms) = postSolution
		{F8EBA2FB-A72B-452D-98B8-1014BA97AB98}.Debug|Any CPU.ActiveCfg = Debug|x64
		{F8EBA2FB-A72B-452D-98B8-1014BA97AB98}.Debug|Any CPU.Build.0 = Debug|x64
		{F8EBA2FB-A72B-452D-98B8-1014BA97AB98}.Debug|x64.ActiveCfg = Debug|x64
		{F8EBA2FB-A72B-452D-98B8-1014BA97AB98}.Debug|x64.Build.0 = Debug|x64
		{F8EBA2FB-A72B-452D-98B8-1014BA97AB98}.Debug|x86.ActiveCfg = Debug|Win32
		{F8EBA2FB-A72B-452D-98B8-1014BA97AB98}.Debug|x86.Build.0 = Debug|Win32
		{F8EBA2FB-A72B-452D-98B8-1014BA97AB98}.Release|Any CPU.ActiveCfg = Release|x64
		{F8EBA2FB-A72B-452D-98B8-1014BA97AB98}.Release|Any CPU.Build.0 = Release|x64
		{F8EBA2FB-A72B-452D-98B8-1014BA97AB98}.Release|x64.ActiveCfg = Release|x64
		{F8EBA2FB-A72B-452D-98B8-1014BA97AB98}.Release|x64.Build.0 = Release|x64
		{F8EBA2FB-A72B-452D-98B8-1014BA97AB98}.Release|x86.ActiveCfg = Release|Win32
		{F8EBA2FB-A72B-452D-98B8-1014BA97AB98}.Release|x86.Build.0 = Release|Win32
		{F060E713-3351-4328-A020-363F61A8A6AF}.Debug|Any CPU.ActiveCfg = Debug|x64
		{F060E713-3351-4328-A020-363F61A8A6AF}.Debug|Any CPU.Build.0 = Debug|x64
		{F060E713-3351-4328-A020-363F61A8A6AF}.Debug|x64.ActiveCfg = Debug|x64
		{F060E713-3351-4328-A020-363F61A8A6AF}.Debug|x64.Build.0 = Debug|x64
		{F060E713-3351-4328-A020-363F61A8A6AF}.Debug|x86.ActiveCfg = Debug|Win32
		{F060E713-3351-4328-A020-363F61A8A6AF}.Debug|x86.Build.0 = Debug|Win32
		{F060E713-3351-4328-A020-363F61A8A6AF}.Release|Any CPU.ActiveCfg = Release|x64
		{F060E713-3351-4328-A020-363F61A8A6AF}.Release|Any CPU.Build.0 = Release|x64
		{F060E713-3351-4328-A020-363F61A8A6AF}.Release|x64.ActiveCfg = Release|x64
		{F060E713-3351-4328-A020-363F61A8A6AF}.Release|x64.Build.0 = Release|x64
		{F060E713-3351-4328-A020-363F61A8A6AF}.Release|x86.ActiveCfg = Release|Win32
		{F060E713-3351-4328-A020-363F61A8A6AF}.Release|x86.Build.0 = Release|Win32
		{66C3585F-9BE4-4D07-A7E2-866B08BB6E6C}.Debug|Any CPU.ActiveCfg = Debug|x64
		{66C3585F-9BE4-4D07-A7E2-866B08BB6E6C}.Debug|Any CPU.Build.0 = Debug|x64
		{66C3585F-9BE4-4D07-A7E2-866B08BB6E6C}.Debug|x64.ActiveCfg = Debug|x64
		{66C3585F-9BE4-4D07-A7E2-866B08BB6E6C}.Debug|x64.Build.0 = Debug|x64
		{66C3585F-9BE4-4D07-A7E2-866B08BB6E6C}.Debug|x86.ActiveCfg = Debug|Win32
		{66C3585F-9BE4-4D07-A7E2-866B08BB6E6C}.Debug|x86.Build.0 = Debug|Win32
		{66C3585F-9BE4-4D07-A7E2-866B08BB6E6C}.Release|Any CPU.ActiveCfg = Release|x64
		{66C3585F-9BE4-4D07-A7E2-866B08BB6E6C}.Release|Any CPU.Build.0 = Release|x64
		{66C3585F-9BE4-4D07-A7E2-866B08BB6E6C}.Release|x64.ActiveCfg = Release|x64
		{66C3585F-9BE4-4D07-A7E2-866B08BB6E6C}.Release|x64.Build.0 = Release|x64
		{66C3585F-9BE4-4D07-A7E2-866B08BB6E6C}.Release|x86.ActiveCfg = Release|Win32
		{66C3585F-9BE4-4D07-A7E2-866B08BB6E6C}.Release|x86.Build.0 = Release|Win32
		{EBFEA4A7-40A7-4BAB-B2DD-91D16348E7DA}.Debug|Any CPU.ActiveCfg = Debug|x64
		{EBFEA4A7-40A7-4BAB-B2DD-91D16348E7DA}.Debug|Any CPU.Build.0 = Debug|x64
		{EBFEA4A7-40A7-4BAB-B2DD-91D16348E7DA}.Debug|x64.ActiveCfg = Debug|x64
		{EBFEA4A7-40A7-4BAB-B2DD-91D16348E7DA}.Debug|x64.Build.0 = Debug|x64
		{EBFEA4A7-40A7-4BAB-B2DD-91D16348E7DA}.Debug|x86.ActiveCfg = Debug|Win32
		{EBFEA4A7-40A7-4BAB-B2DD-91D16348E7DA}.Debug|x86.Build.0 = Debug|Win32
		{EBFEA4A7-40A7-4BAB-B2DD-91D16348E7DA}.Release|Any CPU.ActiveCfg = Release|x64
		{EBFEA4A7-40A7-4BAB-B2DD-91D16348E7DA}.Release|Any CPU.Build.0 = Release|x64
		{EBFEA4A7-40A7-4BAB-B2DD-91D16348E7DA}.Release|x64.ActiveCfg = Release|x64
		{EBFEA4A7-40A7-4BAB-B2DD-91D16348E7DA}.Release|x64.Build.0 = Release|x64
		{EBFEA4A7-40A7-4BAB-B2DD-91D16348E7DA}.Release|x86.ActiveCfg = Release|Win32
		{EBFEA4A7-40A7-4BAB-B2DD-91D16348E7DA}.Release|x86.Build.0 = Release|Win32
		{EB9B93F6-3EEC-4145-942D-7CA6CA8AA32F}.Debug|Any CPU.ActiveCfg = Debug|x64
		{EB9B93F6-3EEC-4145-942D-7CA6CA8AA32F}.Debug|Any CPU.Build.0 = Debug|x64
		{EB9B93F6-3EEC-4145-942D-7CA6CA8AA32F}.Debug|x64.ActiveCfg = Debug|x64
		{EB9B93F6-3EEC-4145-942D-7CA6CA8AA32F}.Debug|x64.Build.0 = Debug|x64
		{EB9B93F6-3EEC-4145-942D-7CA6CA8AA32F}.Debug|x86.ActiveCfg = Debug|Win32
		{EB9B93F6-3EEC-4145-942D-7CA6CA8AA32F}.Debug|x86.Build.0 = Debug|Win32
		{EB9B93F6-3EEC-4145-942D-7CA6CA8AA32F}.Release|Any CPU.ActiveCfg = Release|x64
		{EB9B93F6-3EEC-4145-942D-7CA6CA8AA32F}.Release|Any CPU.Build.0 = Release|x64
		{EB9B93F6-3EEC-4145-942D-7CA6CA8AA32F}.Release|x64.ActiveCfg = Release|x64
		{EB9B93F6-3EEC-4145-942D-7CA6CA8AA32F}.Release|x64.Build.0 = Release|x64
		{EB9B93F6-3EEC-4145-942D-7CA6CA8AA32F}.Release|x86.ActiveCfg = Release|Win32
		{EB9B93F6-3EEC-4145-942D-7CA6CA8AA32F}.Release|x86.Build.0 = Release|Win32
		{482C94BD-3651-4942-A527-DF6891EFB1E1}.Debug|Any CPU.ActiveCfg = Debug|x64
		{482C94BD-3651-4942-A527-DF6891EFB1E1}.Debug|Any CPU.Build.0 = Debug|x64
		{482C94BD-3651-4942-A527-DF6891EFB1E1}.Debug|x64.ActiveCfg = Debug|x64
		{482C94BD-3651-4942-A527-DF6891EFB1E1}.Debug|x64.Build.0 = Debug|x64
		{482C94BD-3651-4942-A527-DF6891EFB1E1}.Debug|x86.ActiveCfg = Debug|Win32
		{482C94BD-3651-4942-A527-DF6891EFB1E1}.Debug|x86.Build.0 = Debug|Win32
		{482C94BD-3651-4942-A527-DF6891EFB1E1}.Release|Any CPU.ActiveCfg = Release|x64
		{482C94BD-3651-4942-A527-DF6891EFB1E1}.Release|Any CPU.Build.0 = Release|x64
		{482C94BD-3651-4942-A527-DF6891EFB1E1}.Release|x64.ActiveCfg = Release|x64
		{482C94BD-3651-4942-A527-DF6891EFB1E1}.Release|x64.Build.0 = Release|x64
		{482C94BD-3651-4942-A527-DF6891EFB1E1}.Release|x86.ActiveCfg = Release|Win32
		{482C94BD-3651-4942-A527-DF6891EFB1E1}.Release|x86.Build.0 = Release|Win32
		{CC21209B-5FB2-47A9-BEA2-D4EE2BD66DE2}.Debug|Any CPU.ActiveCfg = Debug|x64
		{CC21209B-5FB2-47A9-BEA2-D4EE2BD66DE2}.Debug|Any CPU.Build.0 = Debug|x64
		{CC21209B-5FB2-47A9-BEA2-D4EE2BD66DE2}.Debug|x64.ActiveCfg = Debug|x64
		{CC21209B-5FB2-47A9-BEA2-D4EE2BD66DE2}.Debug|x64.Build.0 = Debug|x64
		{CC21209B-5FB2-47A9-BEA2-D4EE2BD66DE2}.Debug|x86.ActiveCfg = Debug|Win32
		{CC21209B-5FB2-47A9-BEA2-D4EE2BD66DE2}.Debug|x86.Build.0 = Debug|Win32
		{CC21209B-5FB2-47A9-BEA2-D4EE2BD66DE2}.Release|Any CPU.ActiveCfg = Release|x64
		{CC21209B-5FB2-47A9-BEA2-D4EE2BD66DE2}.Release|Any CPU.Build.0 = Release|x64
		{CC21209B-5FB2-47A9-BEA2-D4EE2BD66DE2}.Release|x64.ActiveCfg = Release|x64
		{CC21209B-5FB2-47A9-BEA2-D4EE2BD66DE2}.Release|x64.Build.0 = Release|x64
		{CC21209B-5FB2-47A9-BEA2-D4EE2BD66DE2}.Release|x86.ActiveCfg = Release|Win32
		{CC21209B-5FB2-47A9-BEA2-D4EE2BD66DE2}.Release|x86.Build.0 = Release|Win32
		{06CBC869-5F8D-416E-9608-C5AECCCF8F81}.Debug|Any CPU.ActiveCfg = Debug|x64
		{06CBC869-5F8D-416E-9608-C5AECCCF8F81}.Debug|Any CPU.Build.0 = Debug|x64
		{06CBC869-5F8D-416E-9608-C5AECCCF8F81}.Debug|x64.ActiveCfg = Debug|x64
		{06CBC869-5F8D-416E-9608-C5AECCCF8F81}.Debug|x64.Build.0 = Debug|x64
		{06CBC869-5F8D-416E-9608-C5AECCCF8F81}.Debug|x86.ActiveCfg = Debug|Win32
		{06CBC869-5F8D-416E-9608-C5AECCCF8F81}.Debug|x86.Build.0 = Debug|Win32
		{06CBC869-5F8D-416E-9608-C5AECCCF8F81}.Release|Any CPU.ActiveCfg = Release|x64
		{06CBC869-5F8D-416E-9608-C5AECCCF8F81}.Release|Any CPU.Build.0 = Release|x64
		{06CBC869-5F8D-416E-9608-C5AECCCF8F81}.Release|x64.ActiveCfg = Release|x64
		{06CBC869-5F8D-416E-9608-C5AECCCF8F81}.Release|x64.Build.0 = Release|x64
		{06CBC869-5F8D-416E-9608-C5AECCCF8F81}.Release|x86.ActiveCfg = Release|Win32
		{06CBC869-5F8D-416E-9608-C5AECCCF8F81}.Release|x86.Build.0 = Release|Win32
		{A01CB601-F3C6-4AF1-A8DB-A2CE64895602}.Debug|Any CPU.ActiveCfg = Debug|x64
		{A01CB601-F3C6-4AF1-A8DB-A2CE64895602}.Debug|Any CPU.Build.0 = Debug|x64
		{A01CB601-F3C6-4AF1-A8DB-A2CE64895602}.Debug|x64.ActiveCfg = Debug|x64
		{A01CB601-F3C6-4AF1-A8DB-A2CE64895602}.Debug|x64.Build.0 = Debug|x64
		{A01CB601-F3C6-4AF1-A8DB-A2CE64895602}.Debug|x86.ActiveCfg = Debug|Win32
		{A01CB601-F3C6-4AF1-A8DB-A2CE64895602}.Debug|x86.Build.0 = Debug|Win32
		{A01CB601-F3C6-4AF1-A8DB-A2CE64895602}.Release|Any CPU.ActiveCfg = Release|x64
		{A01CB601-F3C6-4AF1-A8DB-A2CE64895602}.Release|Any CPU.Build.0 = Release|x64
		{A01CB601-F3C6-4AF1-A8DB-A2CE64895602}.Release|x64.ActiveCfg = Release|x64
		{A01CB601-F3C6-4AF1-A8DB-A2CE64895602}.Release|x64.Build.0 = Release|x64
		{A01CB601-F3C6-4AF1-A8DB-A2CE64895602}.Release|x86.ActiveCfg = Release|Win32
		{A01CB601-F3C6-4AF1-A8DB-A2CE64895602}.Release|x86.Build.0 = Release|Win32
		{3D2AC33F-2D19-47D7-9B21-2D517614CDBF}.Debug|Any CPU.ActiveCfg = Debug|x64
		{3D2AC33F-2D19-47D7-9B21-2D517614CDBF}.Debug|Any CPU.Build.0 = Debug|x64
		{3D2AC33F-2D19-47D7-9B21-2D517614CDBF}.Debug|x64.ActiveCfg = Debug|x64
		{3D2AC33F-2D19-47D7-9B21-2D517614CDBF}.Debug|x64.Build.0 = Debug|x64
		{3D2AC33F-2D19-47D7-9B21-2D517614CDBF}.Debug|x86.ActiveCfg = Debug|Win32
		{3D2AC33F-2D19-47D7-9B21-2D517614CDBF}.Debug|x86.Build.0 = Debug|Win32
		{3D2AC33F-2D19-47D7-9B21-2D517614CDBF}.Release|Any CPU.ActiveCfg = Release|x64
		{3D2AC33F-2D19-47D7-9B21-2D517614CDBF}.Release|Any CPU.Build.0 = Release|x64
		{3D2AC33F-2D19-47D7-9B21-2D517614CDBF}.Release|x64.ActiveCfg = Release|x64
		{3D2AC33F-2D19-47D7-9B21-2D517614CDBF}.Release|x64.Build.0 = Release|x64
		{3D2AC33F-2D19-47D7-9B21-2D517614CDBF}.Release|x86.ActiveCfg = Release|Win32
		{3D2AC33F-2D19-47D7-9B21-2D517614CDBF}.Release|x86.Build.0 = Release|Win32
		{84EAE2C8-ED1C-421A-8D85-942D4C33BD3C}.Debug|Any CPU.ActiveCfg = Debug|x64
		{84EAE2C8-ED1C-421A-8D85-942D4C33BD3C}.Debug|Any CPU.Build.0 = Debug|x64
		{84EAE2C8-ED1C-421A-8D85-942D4C33BD3C}.Debug|x64.ActiveCfg = Debug|x64
		{84EAE2C8-ED1C-421A-8D85-942D4C33BD3C}.Debug|x64.Build.0 = Debug|x64
		{84EAE2C8-ED1C-421A-8D85-942D4C33BD3C}.Debug|x86.ActiveCfg = Debug|Win32
		{84EAE2C8-ED1C-421A-8D85-942D4C33BD3C}.Debug|x86.Build.0 = Debug|Win32
		{84EAE2C8-ED1C-421A-8D85-942D4C33BD3C}.Release|Any CPU.ActiveCfg = Release|x64
		{84EAE2C8-ED1C-421A-8D85-942D4C33BD3C}.Release|Any CPU.Build.0 = Release|x64
		{84EAE2C8-ED1C-421A-8D85-942D4C33BD3C}.Release|x64.ActiveCfg = Release|x64
		{84EAE2C8-ED1C-421A-8D85-942D4C33BD3C}.Release|x64.Build.0 = Release|x64
		{84EAE2C8-ED1C-421A-8D85-942D4C33BD3C}.Release|x86.ActiveCfg = Release|Win32
		{84EAE2C8-ED1C-421A-8D85-942D4C33BD3C}.Release|x86.Build.0 = Release|Win32
		{53743CAD-61BC-479C-B9A8-A80847E18A87}.Debug|Any CPU.ActiveCfg = Debug|x64
		{53743CAD-61BC-479C-B9A8-A80847E18A87}.Debug|Any CPU.Build.0 = Debug|x64
		{53743CAD-61BC-479C-B9A8-A80847E18A87}.Debug|x64.ActiveCfg = Debug|x64
		{53743CAD-61BC-479C-B9A8-A80847E18A87}.Debug|x64.Build.0 = Debug|x64
		{53743CAD-61BC-479C-B9A8-A80847E18A87}.Debug|x86.ActiveCfg = Debug|Win32
		{53743CAD-61BC-479C-B9A8-A80847E18A87}.Debug|x86.Build.0 = Debug|Win32
		{53743CAD-61BC-479C-B9A8-A80847E18A87}.Release|Any CPU.ActiveCfg = Release|x64
		{53743CAD-61BC-479C-B9A8-A80847E18A87}.Release|Any CPU.Build.0 = Release|x64
		{53743CAD-61BC-479C-B9A8-A80847E18A87}.Release|x64.ActiveCfg = Release|x64
		{53743CAD-61BC-479C-B9A8-A80847E18A87}.Release|x64.Build.0 = Release|x64
		{53743CAD-61BC-479C-B9A8-A80847E18A87}.Release|x86.ActiveCfg = Release|Win32
		{53743CAD-61BC-479C-B9A8-A80847E18A87}.Release|x86.Build.0 = Release|Win32
	EndGlobalSection
	GlobalSection(SolutionProperties) = preSolution
		HideSolutionNode = FALSE
	EndGlobalSection
	GlobalSection(ExtensibilityGlobals) = postSolution
		SolutionGuid = {69FB20F0-59F3-452F-87B9-7109285DFD5B}
	EndGlobalSection
EndGlobal
